
Microsoft Visual Studio Solution File, Format Version 12.00
# Visual Studio Version 17
VisualStudioVersion = 17.11.35327.3
MinimumVisualStudioVersion = 10.0.40219.1
Project("{9A19103F-16F7-4668-BE54-9A1E7A4F7556}") = "Week07DemoFiles", "Week07DemoFiles\Week07DemoFiles.csproj", "{9A1E21B3-E078-4C31-80B1-DE08DC8F8DAE}"
EndProject
Project("{FAE04EC0-301F-11D3-BF4B-00C04F79EFBC}") = "Week7Day3Demos", "Week7Day3Demos\Week7Day3Demos.csproj", "{754270BB-45E5-446D-AE7D-E26C870A01FC}"
EndProject
Global
	GlobalSection(SolutionConfigurationPlatforms) = preSolution
		Debug|Any CPU = Debug|Any CPU
		Release|Any CPU = Release|Any CPU
	EndGlobalSection
	GlobalSection(ProjectConfigurationPlatforms) = postSolution
		{9A1E21B3-E078-4C31-80B1-DE08DC8F8DAE}.Debug|Any CPU.ActiveCfg = Debug|Any CPU
		{9A1E21B3-E078-4C31-80B1-DE08DC8F8DAE}.Debug|Any CPU.Build.0 = Debug|Any CPU
		{9A1E21B3-E078-4C31-80B1-DE08DC8F8DAE}.Release|Any CPU.ActiveCfg = Release|Any CPU
		{9A1E21B3-E078-4C31-80B1-DE08DC8F8DAE}.Release|Any CPU.Build.0 = Release|Any CPU
		{754270BB-45E5-446D-AE7D-E26C870A01FC}.Debug|Any CPU.ActiveCfg = Debug|Any CPU
		{754270BB-45E5-446D-AE7D-E26C870A01FC}.Debug|Any CPU.Build.0 = Debug|Any CPU
		{754270BB-45E5-446D-AE7D-E26C870A01FC}.Release|Any CPU.ActiveCfg = Release|Any CPU
		{754270BB-45E5-446D-AE7D-E26C870A01FC}.Release|Any CPU.Build.0 = Release|Any CPU
	EndGlobalSection
	GlobalSection(SolutionProperties) = preSolution
		HideSolutionNode = FALSE
	EndGlobalSection
	GlobalSection(ExtensibilityGlobals) = postSolution
		SolutionGuid = {6A6F77C3-5CAB-4116-A57F-CE29750CB2B0}
	EndGlobalSection
EndGlobal
