
Microsoft Visual Studio Solution File, Format Version 12.00
# Visual Studio Version 17
VisualStudioVersion = 17.11.35327.3
MinimumVisualStudioVersion = 10.0.40219.1
Project("{FAE04EC0-301F-11D3-BF4B-00C04F79EFBC}") = "Week08Day01Demo01", "Week08Day01Demo01\Week08Day01Demo01.csproj", "{71ECCB57-4259-4B9B-B123-4B11247B9597}"
EndProject
Global
	GlobalSection(SolutionConfigurationPlatforms) = preSolution
		Debug|Any CPU = Debug|Any CPU
		Release|Any CPU = Release|Any CPU
	EndGlobalSection
	GlobalSection(ProjectConfigurationPlatforms) = postSolution
		{71ECCB57-4259-4B9B-B123-4B11247B9597}.Debug|Any CPU.ActiveCfg = Debug|Any CPU
		{71ECCB57-4259-4B9B-B123-4B11247B9597}.Debug|Any CPU.Build.0 = Debug|Any CPU
		{71ECCB57-4259-4B9B-B123-4B11247B9597}.Release|Any CPU.ActiveCfg = Release|Any CPU
		{71ECCB57-4259-4B9B-B123-4B11247B9597}.Release|Any CPU.Build.0 = Release|Any CPU
	EndGlobalSection
	GlobalSection(SolutionProperties) = preSolution
		HideSolutionNode = FALSE
	EndGlobalSection
	GlobalSection(ExtensibilityGlobals) = postSolution
		SolutionGuid = {D08B66CD-B5E6-4182-A270-1F3B8B0E260A}
	EndGlobalSection
EndGlobal
