
Microsoft Visual Studio Solution File, Format Version 12.00
# Visual Studio Version 17
VisualStudioVersion = 17.6.33723.286
MinimumVisualStudioVersion = 10.0.40219.1
Project("{FAE04EC0-301F-11D3-BF4B-00C04F79EFBC}") = "Week3Day3Demo1", "Week3Day3Demo1\Week3Day3Demo1.csproj", "{882F924E-4514-4EA4-A2FA-7E1A434BF07E}"
EndProject
Project("{FAE04EC0-301F-11D3-BF4B-00C04F79EFBC}") = "Week3Day3Demo02", "Week3Day3Demo02\Week3Day3Demo02.csproj", "{2BD4FC70-58C5-473C-8976-8362E62DC999}"
EndProject
Project("{FAE04EC0-301F-11D3-BF4B-00C04F79EFBC}") = "Week3Day3Demo03", "Week3Day3Demo03\Week3Day3Demo03.csproj", "{222BF70B-7A13-458C-91EE-3E983B685045}"
EndProject
Global
	GlobalSection(SolutionConfigurationPlatforms) = preSolution
		Debug|Any CPU = Debug|Any CPU
		Release|Any CPU = Release|Any CPU
	EndGlobalSection
	GlobalSection(ProjectConfigurationPlatforms) = postSolution
		{882F924E-4514-4EA4-A2FA-7E1A434BF07E}.Debug|Any CPU.ActiveCfg = Debug|Any CPU
		{882F924E-4514-4EA4-A2FA-7E1A434BF07E}.Debug|Any CPU.Build.0 = Debug|Any CPU
		{882F924E-4514-4EA4-A2FA-7E1A434BF07E}.Release|Any CPU.ActiveCfg = Release|Any CPU
		{882F924E-4514-4EA4-A2FA-7E1A434BF07E}.Release|Any CPU.Build.0 = Release|Any CPU
		{2BD4FC70-58C5-473C-8976-8362E62DC999}.Debug|Any CPU.ActiveCfg = Debug|Any CPU
		{2BD4FC70-58C5-473C-8976-8362E62DC999}.Debug|Any CPU.Build.0 = Debug|Any CPU
		{2BD4FC70-58C5-473C-8976-8362E62DC999}.Release|Any CPU.ActiveCfg = Release|Any CPU
		{2BD4FC70-58C5-473C-8976-8362E62DC999}.Release|Any CPU.Build.0 = Release|Any CPU
		{222BF70B-7A13-458C-91EE-3E983B685045}.Debug|Any CPU.ActiveCfg = Debug|Any CPU
		{222BF70B-7A13-458C-91EE-3E983B685045}.Debug|Any CPU.Build.0 = Debug|Any CPU
		{222BF70B-7A13-458C-91EE-3E983B685045}.Release|Any CPU.ActiveCfg = Release|Any CPU
		{222BF70B-7A13-458C-91EE-3E983B685045}.Release|Any CPU.Build.0 = Release|Any CPU
	EndGlobalSection
	GlobalSection(SolutionProperties) = preSolution
		HideSolutionNode = FALSE
	EndGlobalSection
	GlobalSection(ExtensibilityGlobals) = postSolution
		SolutionGuid = {4023DDD2-176D-4276-87B2-02A923D707C6}
	EndGlobalSection
EndGlobal
